
Microsoft Visual Studio Solution File, Format Version 12.00
# Visual Studio Version 17
VisualStudioVersion = 17.4.33205.214
MinimumVisualStudioVersion = 10.0.40219.1
Project("{FAE04EC0-301F-11D3-BF4B-00C04F79EFBC}") = "appNASAJSON", "appTestJSON\appNASAJSON.csproj", "{2A651FE7-801C-4951-A18A-6F6976A85971}"
EndProject
Global
	GlobalSection(SolutionConfigurationPlatforms) = preSolution
		Debug|Any CPU = Debug|Any CPU
		Release|Any CPU = Release|Any CPU
	EndGlobalSection
	GlobalSection(ProjectConfigurationPlatforms) = postSolution
		{2A651FE7-801C-4951-A18A-6F6976A85971}.Debug|Any CPU.ActiveCfg = Debug|Any CPU
		{2A651FE7-801C-4951-A18A-6F6976A85971}.Debug|Any CPU.Build.0 = Debug|Any CPU
		{2A651FE7-801C-4951-A18A-6F6976A85971}.Release|Any CPU.ActiveCfg = Release|Any CPU
		{2A651FE7-801C-4951-A18A-6F6976A85971}.Release|Any CPU.Build.0 = Release|Any CPU
	EndGlobalSection
	GlobalSection(SolutionProperties) = preSolution
		HideSolutionNode = FALSE
	EndGlobalSection
	GlobalSection(ExtensibilityGlobals) = postSolution
		SolutionGuid = {5A1845A1-E46C-4CDF-92DE-1B8E4DA9963A}
	EndGlobalSection
EndGlobal
